// !$*UTF8*$!
{
	archiveVersion = 1;
	classes = {
	};
	objectVersion = 46;
	objects = {

/* Begin PBXBuildFile section */
		2765C680161CC34100E21ECB /* Foundation.framework in Frameworks */ = {isa = PBXBuildFile; fileRef = 2765C67F161CC34100E21ECB /* Foundation.framework */; };
		2765C685161CC34100E21ECB /* CocoaLumberjack.h in CopyFiles */ = {isa = PBXBuildFile; fileRef = 2765C684161CC34100E21ECB /* CocoaLumberjack.h */; };
		2765C687161CC34100E21ECB /* CocoaLumberjack.m in Sources */ = {isa = PBXBuildFile; fileRef = 2765C686161CC34100E21ECB /* CocoaLumberjack.m */; };
/* End PBXBuildFile section */

/* Begin PBXCopyFilesBuildPhase section */
		2765C67A161CC34100E21ECB /* CopyFiles */ = {
			isa = PBXCopyFilesBuildPhase;
			buildActionMask = 2147483647;
			dstPath = "include/${PRODUCT_NAME}";
			dstSubfolderSpec = 16;
			files = (
				2765C685161CC34100E21ECB /* CocoaLumberjack.h in CopyFiles */,
			);
			runOnlyForDeploymentPostprocessing = 0;
		};
/* End PBXCopyFilesBuildPhase section */

/* Begin PBXFileReference section */
		2765C67C161CC34100E21ECB /* libCocoaLumberjack.a */ = {isa = PBXFileReference; explicitFileType = archive.ar; includeInIndex = 0; path = libCocoaLumberjack.a; sourceTree = BUILT_PRODUCTS_DIR; };
		2765C67F161CC34100E21ECB /* Foundation.framework */ = {isa = PBXFileReference; lastKnownFileType = wrapper.framework; name = Foundation.framework; path = System/Library/Frameworks/Foundation.framework; sourceTree = SDKROOT; };
		2765C683161CC34100E21ECB /* CocoaLumberjack-Prefix.pch */ = {isa = PBXFileReference; lastKnownFileType = sourcecode.c.h; path = "CocoaLumberjack-Prefix.pch"; sourceTree = "<group>"; };
		2765C684161CC34100E21ECB /* CocoaLumberjack.h */ = {isa = PBXFileReference; lastKnownFileType = sourcecode.c.h; path = CocoaLumberjack.h; sourceTree = "<group>"; };
		2765C686161CC34100E21ECB /* CocoaLumberjack.m */ = {isa = PBXFileReference; lastKnownFileType = sourcecode.c.objc; path = CocoaLumberjack.m; sourceTree = "<group>"; };
/* End PBXFileReference section */

/* Begin PBXFrameworksBuildPhase section */
		2765C679161CC34100E21ECB /* Frameworks */ = {
			isa = PBXFrameworksBuildPhase;
			buildActionMask = 2147483647;
			files = (
				2765C680161CC34100E21ECB /* Foundation.framework in Frameworks */,
			);
			runOnlyForDeploymentPostprocessing = 0;
		};
/* End PBXFrameworksBuildPhase section */

/* Begin PBXGroup section */
		2765C671161CC34100E21ECB = {
			isa = PBXGroup;
			children = (
				2765C681161CC34100E21ECB /* CocoaLumberjack */,
				2765C67E161CC34100E21ECB /* Frameworks */,
				2765C67D161CC34100E21ECB /* Products */,
			);
			sourceTree = "<group>";
		};
		2765C67D161CC34100E21ECB /* Products */ = {
			isa = PBXGroup;
			children = (
				2765C67C161CC34100E21ECB /* libCocoaLumberjack.a */,
			);
			name = Products;
			sourceTree = "<group>";
		};
		2765C67E161CC34100E21ECB /* Frameworks */ = {
			isa = PBXGroup;
			children = (
				2765C67F161CC34100E21ECB /* Foundation.framework */,
			);
			name = Frameworks;
			sourceTree = "<group>";
		};
		2765C681161CC34100E21ECB /* CocoaLumberjack */ = {
			isa = PBXGroup;
			children = (
				2765C684161CC34100E21ECB /* CocoaLumberjack.h */,
				2765C686161CC34100E21ECB /* CocoaLumberjack.m */,
				2765C682161CC34100E21ECB /* Supporting Files */,
			);
			path = CocoaLumberjack;
			sourceTree = "<group>";
		};
		2765C682161CC34100E21ECB /* Supporting Files */ = {
			isa = PBXGroup;
			children = (
				2765C683161CC34100E21ECB /* CocoaLumberjack-Prefix.pch */,
			);
			name = "Supporting Files";
			sourceTree = "<group>";
		};
/* End PBXGroup section */

/* Begin PBXNativeTarget section */
		2765C67B161CC34100E21ECB /* CocoaLumberjackStaticIOS */ = {
			isa = PBXNativeTarget;
			buildConfigurationList = 2765C68A161CC34100E21ECB /* Build configuration list for PBXNativeTarget "CocoaLumberjackStaticIOS" */;
			buildPhases = (
				2765C678161CC34100E21ECB /* Sources */,
				2765C679161CC34100E21ECB /* Frameworks */,
				2765C67A161CC34100E21ECB /* CopyFiles */,
			);
			buildRules = (
			);
			dependencies = (
			);
			name = CocoaLumberjackStaticIOS;
			productName = CocoaLumberjack;
			productReference = 2765C67C161CC34100E21ECB /* libCocoaLumberjack.a */;
			productType = "com.apple.product-type.library.static";
		};
/* End PBXNativeTarget section */

/* Begin PBXProject section */
		2765C673161CC34100E21ECB /* Project object */ = {
			isa = PBXProject;
			attributes = {
				LastUpgradeCheck = 0440;
				ORGANIZATIONNAME = "ASE Group";
			};
			buildConfigurationList = 2765C676161CC34100E21ECB /* Build configuration list for PBXProject "CocoaLumberjack" */;
			compatibilityVersion = "Xcode 3.2";
			developmentRegion = English;
			hasScannedForEncodings = 0;
			knownRegions = (
				en,
			);
			mainGroup = 2765C671161CC34100E21ECB;
			productRefGroup = 2765C67D161CC34100E21ECB /* Products */;
			projectDirPath = "";
			projectRoot = "";
			targets = (
				2765C67B161CC34100E21ECB /* CocoaLumberjackStaticIOS */,
			);
		};
/* End PBXProject section */

/* Begin PBXSourcesBuildPhase section */
		2765C678161CC34100E21ECB /* Sources */ = {
			isa = PBXSourcesBuildPhase;
			buildActionMask = 2147483647;
			files = (
				2765C687161CC34100E21ECB /* CocoaLumberjack.m in Sources */,
			);
			runOnlyForDeploymentPostprocessing = 0;
		};
/* End PBXSourcesBuildPhase section */

/* Begin XCBuildConfiguration section */
		2765C688161CC34100E21ECB /* Debug */ = {
			isa = XCBuildConfiguration;
			buildSettings = {
				ALWAYS_SEARCH_USER_PATHS = NO;
				ARCHS = "$(ARCHS_STANDARD_32_BIT)";
				CLANG_CXX_LANGUAGE_STANDARD = "gnu++0x";
				CLANG_ENABLE_OBJC_ARC = YES;
				CLANG_WARN__DUPLICATE_METHOD_MATCH = YES;
				COPY_PHASE_STRIP = NO;
				GCC_C_LANGUAGE_STANDARD = gnu99;
				GCC_DYNAMIC_NO_PIC = NO;
				GCC_OPTIMIZATION_LEVEL = 0;
				GCC_PREPROCESSOR_DEFINITIONS = (
					"DEBUG=1",
					"$(inherited)",
				);
				GCC_SYMBOLS_PRIVATE_EXTERN = NO;
				GCC_VERSION = com.apple.compilers.llvm.clang.1_0;
				GCC_WARN_ABOUT_RETURN_TYPE = YES;
				GCC_WARN_UNINITIALIZED_AUTOS = YES;
				GCC_WARN_UNUSED_VARIABLE = YES;
				IPHONEOS_DEPLOYMENT_TARGET = 5.1;
				SDKROOT = iphoneos;
			};
			name = Debug;
		};
		2765C689161CC34100E21ECB /* Release */ = {
			isa = XCBuildConfiguration;
			buildSettings = {
				ALWAYS_SEARCH_USER_PATHS = NO;
				ARCHS = "$(ARCHS_STANDARD_32_BIT)";
				CLANG_CXX_LANGUAGE_STANDARD = "gnu++0x";
				CLANG_ENABLE_OBJC_ARC = YES;
				CLANG_WARN__DUPLICATE_METHOD_MATCH = YES;
				COPY_PHASE_STRIP = YES;
				GCC_C_LANGUAGE_STANDARD = gnu99;
				GCC_VERSION = com.apple.compilers.llvm.clang.1_0;
				GCC_WARN_ABOUT_RETURN_TYPE = YES;
				GCC_WARN_UNINITIALIZED_AUTOS = YES;
				GCC_WARN_UNUSED_VARIABLE = YES;
				IPHONEOS_DEPLOYMENT_TARGET = 5.1;
				SDKROOT = iphoneos;
				VALIDATE_PRODUCT = YES;
			};
			name = Release;
		};
		2765C68B161CC34100E21ECB /* Debug */ = {
			isa = XCBuildConfiguration;
			buildSettings = {
				DSTROOT = /tmp/CocoaLumberjack.dst;
				GCC_PRECOMPILE_PREFIX_HEADER = YES;
				GCC_PREFIX_HEADER = "CocoaLumberjack/CocoaLumberjack-Prefix.pch";
				OTHER_LDFLAGS = "-ObjC";
				PRODUCT_NAME = "$(TARGET_NAME)";
				SKIP_INSTALL = YES;
			};
			name = Debug;
		};
		2765C68C161CC34100E21ECB /* Release */ = {
			isa = XCBuildConfiguration;
			buildSettings = {
				DSTROOT = /tmp/CocoaLumberjack.dst;
				GCC_PRECOMPILE_PREFIX_HEADER = YES;
				GCC_PREFIX_HEADER = "CocoaLumberjack/CocoaLumberjack-Prefix.pch";
				OTHER_LDFLAGS = "-ObjC";
				PRODUCT_NAME = "$(TARGET_NAME)";
				SKIP_INSTALL = YES;
			};
			name = Release;
		};
/* End XCBuildConfiguration section */

/* Begin XCConfigurationList section */
		2765C676161CC34100E21ECB /* Build configuration list for PBXProject "CocoaLumberjack" */ = {
			isa = XCConfigurationList;
			buildConfigurations = (
				2765C688161CC34100E21ECB /* Debug */,
				2765C689161CC34100E21ECB /* Release */,
			);
			defaultConfigurationIsVisible = 0;
			defaultConfigurationName = Release;
		};
		2765C68A161CC34100E21ECB /* Build configuration list for PBXNativeTarget "CocoaLumberjackStaticIOS" */ = {
			isa = XCConfigurationList;
			buildConfigurations = (
				2765C68B161CC34100E21ECB /* Debug */,
				2765C68C161CC34100E21ECB /* Release */,
			);
			defaultConfigurationIsVisible = 0;
			defaultConfigurationName = Release;
		};
/* End XCConfigurationList section */
	};
	rootObject = 2765C673161CC34100E21ECB /* Project object */;
}
