// !$*UTF8*$!
{
	archiveVersion = 1;
	classes = {
	};
	objectVersion = 46;
	objects = {

/* Begin PBXAggregateTarget section */
		2765C6C0161CCBC500E21ECB /* CocoaLumberjackIOS */ = {
			isa = PBXAggregateTarget;
			buildConfigurationList = 2765C6C1161CCBC600E21ECB /* Build configuration list for PBXAggregateTarget "CocoaLumberjackIOS" */;
			buildPhases = (
				2765C6C6161CCC2B00E21ECB /* Build Framework */,
			);
			dependencies = (
				2765C6C5161CCC0200E21ECB /* PBXTargetDependency */,
			);
			name = CocoaLumberjackIOS;
			productName = CocoaLumberjackIOS;
		};
/* End PBXAggregateTarget section */

/* Begin PBXBuildFile section */
		271173BB1634CD270077D393 /* Cocoa.framework in Frameworks */ = {isa = PBXBuildFile; fileRef = 271173BA1634CD270077D393 /* Cocoa.framework */; };
		271173C01634CD5A0077D393 /* CocoaLumberjackTests.m in Sources */ = {isa = PBXBuildFile; fileRef = 271173BF1634CD5A0077D393 /* CocoaLumberjackTests.m */; };
		271173C61634CDD20077D393 /* SenTestingKit.framework in Frameworks */ = {isa = PBXBuildFile; fileRef = 271173C11634CDB60077D393 /* SenTestingKit.framework */; };
		271173C91634CE620077D393 /* libCocoaLumberjack.a in Frameworks */ = {isa = PBXBuildFile; fileRef = 2765C67C161CC34100E21ECB /* libCocoaLumberjack.a */; };
		271173E51634CE900077D393 /* CocoaLumberjackTests.m in Sources */ = {isa = PBXBuildFile; fileRef = 271173BF1634CD5A0077D393 /* CocoaLumberjackTests.m */; };
		271173E61634CECD0077D393 /* Cocoa.framework in Frameworks */ = {isa = PBXBuildFile; fileRef = 271173BA1634CD270077D393 /* Cocoa.framework */; };
		271173E71634CED80077D393 /* CocoaLumberjack.framework in Frameworks */ = {isa = PBXBuildFile; fileRef = 2765C6CC161CCD2B00E21ECB /* CocoaLumberjack.framework */; };
		271173E81634CEE60077D393 /* SenTestingKit.framework in Frameworks */ = {isa = PBXBuildFile; fileRef = 271173C11634CDB60077D393 /* SenTestingKit.framework */; };
		27C38C91162B95DA006E831C /* License-CocoaLumberjack.txt in Resources */ = {isa = PBXBuildFile; fileRef = 27C38C8E162B95DA006E831C /* License-CocoaLumberjack.txt */; };
		27C38C92162B95DA006E831C /* License.txt in Resources */ = {isa = PBXBuildFile; fileRef = 27C38C8F162B95DA006E831C /* License.txt */; };
		27C38C93162B95DA006E831C /* Version in Resources */ = {isa = PBXBuildFile; fileRef = 27C38C90162B95DA006E831C /* Version */; };
		27C38C94162B95E2006E831C /* License-CocoaLumberjack.txt in CopyFiles */ = {isa = PBXBuildFile; fileRef = 27C38C8E162B95DA006E831C /* License-CocoaLumberjack.txt */; };
		27C38C95162B95E2006E831C /* License.txt in CopyFiles */ = {isa = PBXBuildFile; fileRef = 27C38C8F162B95DA006E831C /* License.txt */; };
		27C38C96162B95E2006E831C /* Version in CopyFiles */ = {isa = PBXBuildFile; fileRef = 27C38C90162B95DA006E831C /* Version */; };
		D5A2561B163A28C200D1E001 /* DDAbstractDatabaseLogger.h in Headers */ = {isa = PBXBuildFile; fileRef = D5A2560B163A28C200D1E001 /* DDAbstractDatabaseLogger.h */; settings = {ATTRIBUTES = (Public, ); }; };
		D5A2561C163A28C200D1E001 /* DDAbstractDatabaseLogger.h in Headers */ = {isa = PBXBuildFile; fileRef = D5A2560B163A28C200D1E001 /* DDAbstractDatabaseLogger.h */; settings = {ATTRIBUTES = (Public, ); }; };
		D5A2561D163A28C200D1E001 /* DDAbstractDatabaseLogger.m in Sources */ = {isa = PBXBuildFile; fileRef = D5A2560C163A28C200D1E001 /* DDAbstractDatabaseLogger.m */; };
		D5A2561E163A28C200D1E001 /* DDAbstractDatabaseLogger.m in Sources */ = {isa = PBXBuildFile; fileRef = D5A2560C163A28C200D1E001 /* DDAbstractDatabaseLogger.m */; };
		D5A2561F163A28C200D1E001 /* DDASLLogger.h in Headers */ = {isa = PBXBuildFile; fileRef = D5A2560D163A28C200D1E001 /* DDASLLogger.h */; settings = {ATTRIBUTES = (Public, ); }; };
		D5A25620163A28C200D1E001 /* DDASLLogger.h in Headers */ = {isa = PBXBuildFile; fileRef = D5A2560D163A28C200D1E001 /* DDASLLogger.h */; settings = {ATTRIBUTES = (Public, ); }; };
		D5A25621163A28C200D1E001 /* DDASLLogger.m in Sources */ = {isa = PBXBuildFile; fileRef = D5A2560E163A28C200D1E001 /* DDASLLogger.m */; };
		D5A25622163A28C200D1E001 /* DDASLLogger.m in Sources */ = {isa = PBXBuildFile; fileRef = D5A2560E163A28C200D1E001 /* DDASLLogger.m */; };
		D5A25623163A28C200D1E001 /* DDFileLogger.h in Headers */ = {isa = PBXBuildFile; fileRef = D5A2560F163A28C200D1E001 /* DDFileLogger.h */; settings = {ATTRIBUTES = (Public, ); }; };
		D5A25624163A28C200D1E001 /* DDFileLogger.h in Headers */ = {isa = PBXBuildFile; fileRef = D5A2560F163A28C200D1E001 /* DDFileLogger.h */; settings = {ATTRIBUTES = (Public, ); }; };
		D5A25625163A28C200D1E001 /* DDFileLogger.m in Sources */ = {isa = PBXBuildFile; fileRef = D5A25610163A28C200D1E001 /* DDFileLogger.m */; };
		D5A25626163A28C200D1E001 /* DDFileLogger.m in Sources */ = {isa = PBXBuildFile; fileRef = D5A25610163A28C200D1E001 /* DDFileLogger.m */; };
		D5A25627163A28C200D1E001 /* DDLog.h in Headers */ = {isa = PBXBuildFile; fileRef = D5A25611163A28C200D1E001 /* DDLog.h */; settings = {ATTRIBUTES = (Public, ); }; };
		D5A25628163A28C200D1E001 /* DDLog.h in Headers */ = {isa = PBXBuildFile; fileRef = D5A25611163A28C200D1E001 /* DDLog.h */; settings = {ATTRIBUTES = (Public, ); }; };
		D5A25629163A28C200D1E001 /* DDLog.m in Sources */ = {isa = PBXBuildFile; fileRef = D5A25612163A28C200D1E001 /* DDLog.m */; };
		D5A2562A163A28C200D1E001 /* DDLog.m in Sources */ = {isa = PBXBuildFile; fileRef = D5A25612163A28C200D1E001 /* DDLog.m */; };
		D5A2562B163A28C200D1E001 /* DDTTYLogger.h in Headers */ = {isa = PBXBuildFile; fileRef = D5A25613163A28C200D1E001 /* DDTTYLogger.h */; settings = {ATTRIBUTES = (Public, ); }; };
		D5A2562C163A28C200D1E001 /* DDTTYLogger.h in Headers */ = {isa = PBXBuildFile; fileRef = D5A25613163A28C200D1E001 /* DDTTYLogger.h */; settings = {ATTRIBUTES = (Public, ); }; };
		D5A2562D163A28C200D1E001 /* DDTTYLogger.m in Sources */ = {isa = PBXBuildFile; fileRef = D5A25614163A28C200D1E001 /* DDTTYLogger.m */; };
		D5A2562E163A28C200D1E001 /* DDTTYLogger.m in Sources */ = {isa = PBXBuildFile; fileRef = D5A25614163A28C200D1E001 /* DDTTYLogger.m */; };
		D5A2562F163A28C200D1E001 /* ContextFilterLogFormatter.h in Headers */ = {isa = PBXBuildFile; fileRef = D5A25616163A28C200D1E001 /* ContextFilterLogFormatter.h */; settings = {ATTRIBUTES = (Public, ); }; };
		D5A25630163A28C200D1E001 /* ContextFilterLogFormatter.h in Headers */ = {isa = PBXBuildFile; fileRef = D5A25616163A28C200D1E001 /* ContextFilterLogFormatter.h */; settings = {ATTRIBUTES = (Public, ); }; };
		D5A25631163A28C200D1E001 /* ContextFilterLogFormatter.m in Sources */ = {isa = PBXBuildFile; fileRef = D5A25617163A28C200D1E001 /* ContextFilterLogFormatter.m */; };
		D5A25632163A28C200D1E001 /* ContextFilterLogFormatter.m in Sources */ = {isa = PBXBuildFile; fileRef = D5A25617163A28C200D1E001 /* ContextFilterLogFormatter.m */; };
		D5A25633163A28C200D1E001 /* DispatchQueueLogFormatter.h in Headers */ = {isa = PBXBuildFile; fileRef = D5A25618163A28C200D1E001 /* DispatchQueueLogFormatter.h */; settings = {ATTRIBUTES = (Public, ); }; };
		D5A25634163A28C200D1E001 /* DispatchQueueLogFormatter.h in Headers */ = {isa = PBXBuildFile; fileRef = D5A25618163A28C200D1E001 /* DispatchQueueLogFormatter.h */; settings = {ATTRIBUTES = (Public, ); }; };
		D5A25635163A28C200D1E001 /* DispatchQueueLogFormatter.m in Sources */ = {isa = PBXBuildFile; fileRef = D5A25619163A28C200D1E001 /* DispatchQueueLogFormatter.m */; };
		D5A25636163A28C200D1E001 /* DispatchQueueLogFormatter.m in Sources */ = {isa = PBXBuildFile; fileRef = D5A25619163A28C200D1E001 /* DispatchQueueLogFormatter.m */; };
		D5FE3659163AFBC30090BB94 /* UIKit.framework in Frameworks */ = {isa = PBXBuildFile; fileRef = D5FE3656163AFBA70090BB94 /* UIKit.framework */; };
		D5FE365A163AFBC70090BB94 /* CoreGraphics.framework in Frameworks */ = {isa = PBXBuildFile; fileRef = D5FE3653163AFB9F0090BB94 /* CoreGraphics.framework */; };
/* End PBXBuildFile section */

/* Begin PBXContainerItemProxy section */
		271173C71634CDDD0077D393 /* PBXContainerItemProxy */ = {
			isa = PBXContainerItemProxy;
			containerPortal = 2765C673161CC34100E21ECB /* Project object */;
			proxyType = 1;
			remoteGlobalIDString = 2765C67B161CC34100E21ECB;
			remoteInfo = CocoaLumberjackStaticIOS;
		};
		271173EC1634CFB60077D393 /* PBXContainerItemProxy */ = {
			isa = PBXContainerItemProxy;
			containerPortal = 2765C673161CC34100E21ECB /* Project object */;
			proxyType = 1;
			remoteGlobalIDString = 2765C6CB161CCD2B00E21ECB;
			remoteInfo = CocoaLumberjackOSX;
		};
		2765C6C4161CCC0200E21ECB /* PBXContainerItemProxy */ = {
			isa = PBXContainerItemProxy;
			containerPortal = 2765C673161CC34100E21ECB /* Project object */;
			proxyType = 1;
			remoteGlobalIDString = 2765C67B161CC34100E21ECB;
			remoteInfo = CocoaLumberjackStaticIOS;
		};
/* End PBXContainerItemProxy section */

/* Begin PBXCopyFilesBuildPhase section */
		2765C67A161CC34100E21ECB /* CopyFiles */ = {
			isa = PBXCopyFilesBuildPhase;
			buildActionMask = 2147483647;
			dstPath = "${PRODUCT_NAME}Resources";
			dstSubfolderSpec = 16;
			files = (
				27C38C94162B95E2006E831C /* License-CocoaLumberjack.txt in CopyFiles */,
				27C38C95162B95E2006E831C /* License.txt in CopyFiles */,
				27C38C96162B95E2006E831C /* Version in CopyFiles */,
			);
			runOnlyForDeploymentPostprocessing = 0;
		};
/* End PBXCopyFilesBuildPhase section */

/* Begin PBXFileReference section */
		271173A41634CCB20077D393 /* CocoaLumberjackIOSTests.octest */ = {isa = PBXFileReference; explicitFileType = wrapper.cfbundle; includeInIndex = 0; path = CocoaLumberjackIOSTests.octest; sourceTree = BUILT_PRODUCTS_DIR; };
		271173BA1634CD270077D393 /* Cocoa.framework */ = {isa = PBXFileReference; lastKnownFileType = wrapper.framework; name = Cocoa.framework; path = Platforms/MacOSX.platform/Developer/SDKs/MacOSX10.8.sdk/System/Library/Frameworks/Cocoa.framework; sourceTree = DEVELOPER_DIR; };
		271173BE1634CD5A0077D393 /* CocoaLumberjackTests.h */ = {isa = PBXFileReference; fileEncoding = 4; lastKnownFileType = sourcecode.c.h; path = CocoaLumberjackTests.h; sourceTree = "<group>"; };
		271173BF1634CD5A0077D393 /* CocoaLumberjackTests.m */ = {isa = PBXFileReference; fileEncoding = 4; lastKnownFileType = sourcecode.c.objc; path = CocoaLumberjackTests.m; sourceTree = "<group>"; };
		271173C11634CDB60077D393 /* SenTestingKit.framework */ = {isa = PBXFileReference; lastKnownFileType = wrapper.framework; name = SenTestingKit.framework; path = Library/Frameworks/SenTestingKit.framework; sourceTree = DEVELOPER_DIR; };
		271173CF1634CE850077D393 /* CocoaLumberjackOSXTests.octest */ = {isa = PBXFileReference; explicitFileType = wrapper.cfbundle; includeInIndex = 0; path = CocoaLumberjackOSXTests.octest; sourceTree = BUILT_PRODUCTS_DIR; };
		2765C67C161CC34100E21ECB /* libCocoaLumberjack.a */ = {isa = PBXFileReference; explicitFileType = archive.ar; includeInIndex = 0; path = libCocoaLumberjack.a; sourceTree = BUILT_PRODUCTS_DIR; };
		2765C6CC161CCD2B00E21ECB /* CocoaLumberjack.framework */ = {isa = PBXFileReference; explicitFileType = wrapper.framework; includeInIndex = 0; path = CocoaLumberjack.framework; sourceTree = BUILT_PRODUCTS_DIR; };
		27C38C8E162B95DA006E831C /* License-CocoaLumberjack.txt */ = {isa = PBXFileReference; fileEncoding = 4; lastKnownFileType = text; path = "License-CocoaLumberjack.txt"; sourceTree = "<group>"; };
		27C38C8F162B95DA006E831C /* License.txt */ = {isa = PBXFileReference; fileEncoding = 4; lastKnownFileType = text; path = License.txt; sourceTree = "<group>"; };
		27C38C90162B95DA006E831C /* Version */ = {isa = PBXFileReference; fileEncoding = 4; lastKnownFileType = text; path = Version; sourceTree = "<group>"; };
		D5A2560B163A28C200D1E001 /* DDAbstractDatabaseLogger.h */ = {isa = PBXFileReference; fileEncoding = 4; lastKnownFileType = sourcecode.c.h; name = DDAbstractDatabaseLogger.h; path = Frameworks/CocoaLumberjack/DDAbstractDatabaseLogger.h; sourceTree = SOURCE_ROOT; };
		D5A2560C163A28C200D1E001 /* DDAbstractDatabaseLogger.m */ = {isa = PBXFileReference; fileEncoding = 4; lastKnownFileType = sourcecode.c.objc; name = DDAbstractDatabaseLogger.m; path = Frameworks/CocoaLumberjack/DDAbstractDatabaseLogger.m; sourceTree = SOURCE_ROOT; };
		D5A2560D163A28C200D1E001 /* DDASLLogger.h */ = {isa = PBXFileReference; fileEncoding = 4; lastKnownFileType = sourcecode.c.h; name = DDASLLogger.h; path = Frameworks/CocoaLumberjack/DDASLLogger.h; sourceTree = SOURCE_ROOT; };
		D5A2560E163A28C200D1E001 /* DDASLLogger.m */ = {isa = PBXFileReference; fileEncoding = 4; lastKnownFileType = sourcecode.c.objc; name = DDASLLogger.m; path = Frameworks/CocoaLumberjack/DDASLLogger.m; sourceTree = SOURCE_ROOT; };
		D5A2560F163A28C200D1E001 /* DDFileLogger.h */ = {isa = PBXFileReference; fileEncoding = 4; lastKnownFileType = sourcecode.c.h; name = DDFileLogger.h; path = Frameworks/CocoaLumberjack/DDFileLogger.h; sourceTree = SOURCE_ROOT; };
		D5A25610163A28C200D1E001 /* DDFileLogger.m */ = {isa = PBXFileReference; fileEncoding = 4; lastKnownFileType = sourcecode.c.objc; name = DDFileLogger.m; path = Frameworks/CocoaLumberjack/DDFileLogger.m; sourceTree = SOURCE_ROOT; };
		D5A25611163A28C200D1E001 /* DDLog.h */ = {isa = PBXFileReference; fileEncoding = 4; lastKnownFileType = sourcecode.c.h; name = DDLog.h; path = Frameworks/CocoaLumberjack/DDLog.h; sourceTree = SOURCE_ROOT; };
		D5A25612163A28C200D1E001 /* DDLog.m */ = {isa = PBXFileReference; fileEncoding = 4; lastKnownFileType = sourcecode.c.objc; name = DDLog.m; path = Frameworks/CocoaLumberjack/DDLog.m; sourceTree = SOURCE_ROOT; };
		D5A25613163A28C200D1E001 /* DDTTYLogger.h */ = {isa = PBXFileReference; fileEncoding = 4; lastKnownFileType = sourcecode.c.h; name = DDTTYLogger.h; path = Frameworks/CocoaLumberjack/DDTTYLogger.h; sourceTree = SOURCE_ROOT; };
		D5A25614163A28C200D1E001 /* DDTTYLogger.m */ = {isa = PBXFileReference; fileEncoding = 4; lastKnownFileType = sourcecode.c.objc; name = DDTTYLogger.m; path = Frameworks/CocoaLumberjack/DDTTYLogger.m; sourceTree = SOURCE_ROOT; };
		D5A25616163A28C200D1E001 /* ContextFilterLogFormatter.h */ = {isa = PBXFileReference; fileEncoding = 4; lastKnownFileType = sourcecode.c.h; path = ContextFilterLogFormatter.h; sourceTree = "<group>"; };
		D5A25617163A28C200D1E001 /* ContextFilterLogFormatter.m */ = {isa = PBXFileReference; fileEncoding = 4; lastKnownFileType = sourcecode.c.objc; path = ContextFilterLogFormatter.m; sourceTree = "<group>"; };
		D5A25618163A28C200D1E001 /* DispatchQueueLogFormatter.h */ = {isa = PBXFileReference; fileEncoding = 4; lastKnownFileType = sourcecode.c.h; path = DispatchQueueLogFormatter.h; sourceTree = "<group>"; };
		D5A25619163A28C200D1E001 /* DispatchQueueLogFormatter.m */ = {isa = PBXFileReference; fileEncoding = 4; lastKnownFileType = sourcecode.c.objc; path = DispatchQueueLogFormatter.m; sourceTree = "<group>"; };
		D5FE3653163AFB9F0090BB94 /* CoreGraphics.framework */ = {isa = PBXFileReference; lastKnownFileType = wrapper.framework; name = CoreGraphics.framework; path = System/Library/Frameworks/CoreGraphics.framework; sourceTree = SDKROOT; };
		D5FE3656163AFBA70090BB94 /* UIKit.framework */ = {isa = PBXFileReference; lastKnownFileType = wrapper.framework; name = UIKit.framework; path = System/Library/Frameworks/UIKit.framework; sourceTree = SDKROOT; };
/* End PBXFileReference section */

/* Begin PBXFrameworksBuildPhase section */
		271173A01634CCB20077D393 /* Frameworks */ = {
			isa = PBXFrameworksBuildPhase;
			buildActionMask = 2147483647;
			files = (
				D5FE365A163AFBC70090BB94 /* CoreGraphics.framework in Frameworks */,
				D5FE3659163AFBC30090BB94 /* UIKit.framework in Frameworks */,
				271173C91634CE620077D393 /* libCocoaLumberjack.a in Frameworks */,
				271173C61634CDD20077D393 /* SenTestingKit.framework in Frameworks */,
			);
			runOnlyForDeploymentPostprocessing = 0;
		};
		271173CB1634CE850077D393 /* Frameworks */ = {
			isa = PBXFrameworksBuildPhase;
			buildActionMask = 2147483647;
			files = (
				271173E81634CEE60077D393 /* SenTestingKit.framework in Frameworks */,
				271173E71634CED80077D393 /* CocoaLumberjack.framework in Frameworks */,
				271173E61634CECD0077D393 /* Cocoa.framework in Frameworks */,
			);
			runOnlyForDeploymentPostprocessing = 0;
		};
		2765C679161CC34100E21ECB /* Frameworks */ = {
			isa = PBXFrameworksBuildPhase;
			buildActionMask = 2147483647;
			files = (
			);
			runOnlyForDeploymentPostprocessing = 0;
		};
		2765C6C8161CCD2B00E21ECB /* Frameworks */ = {
			isa = PBXFrameworksBuildPhase;
			buildActionMask = 2147483647;
			files = (
				271173BB1634CD270077D393 /* Cocoa.framework in Frameworks */,
			);
			runOnlyForDeploymentPostprocessing = 0;
		};
/* End PBXFrameworksBuildPhase section */

/* Begin PBXGroup section */
		271173BC1634CD440077D393 /* OS X */ = {
			isa = PBXGroup;
			children = (
				271173BA1634CD270077D393 /* Cocoa.framework */,
			);
			name = "OS X";
			sourceTree = "<group>";
		};
		271173BD1634CD5A0077D393 /* CocoaLumberjackTests */ = {
			isa = PBXGroup;
			children = (
				271173BE1634CD5A0077D393 /* CocoaLumberjackTests.h */,
				271173BF1634CD5A0077D393 /* CocoaLumberjackTests.m */,
			);
			path = CocoaLumberjackTests;
			sourceTree = "<group>";
		};
		271173C41634CDBF0077D393 /* Shared-Testing */ = {
			isa = PBXGroup;
			children = (
				271173C11634CDB60077D393 /* SenTestingKit.framework */,
			);
			name = "Shared-Testing";
			sourceTree = "<group>";
		};
		2765C671161CC34100E21ECB = {
			isa = PBXGroup;
			children = (
				2765C681161CC34100E21ECB /* CocoaLumberjack */,
				271173BD1634CD5A0077D393 /* CocoaLumberjackTests */,
				2765C67E161CC34100E21ECB /* Frameworks */,
				2765C6BB161CCB5900E21ECB /* Resources */,
				2765C67D161CC34100E21ECB /* Products */,
			);
			sourceTree = "<group>";
		};
		2765C67D161CC34100E21ECB /* Products */ = {
			isa = PBXGroup;
			children = (
				2765C67C161CC34100E21ECB /* libCocoaLumberjack.a */,
				2765C6CC161CCD2B00E21ECB /* CocoaLumberjack.framework */,
				271173A41634CCB20077D393 /* CocoaLumberjackIOSTests.octest */,
				271173CF1634CE850077D393 /* CocoaLumberjackOSXTests.octest */,
			);
			name = Products;
			sourceTree = "<group>";
		};
		2765C67E161CC34100E21ECB /* Frameworks */ = {
			isa = PBXGroup;
			children = (
				271173C41634CDBF0077D393 /* Shared-Testing */,
				D5FE3658163AFBB50090BB94 /* iOS-Testing */,
				271173BC1634CD440077D393 /* OS X */,
			);
			name = Frameworks;
			sourceTree = "<group>";
		};
		2765C681161CC34100E21ECB /* CocoaLumberjack */ = {
			isa = PBXGroup;
			children = (
				D5A2560B163A28C200D1E001 /* DDAbstractDatabaseLogger.h */,
				D5A2560C163A28C200D1E001 /* DDAbstractDatabaseLogger.m */,
				D5A2560D163A28C200D1E001 /* DDASLLogger.h */,
				D5A2560E163A28C200D1E001 /* DDASLLogger.m */,
				D5A2560F163A28C200D1E001 /* DDFileLogger.h */,
				D5A25610163A28C200D1E001 /* DDFileLogger.m */,
				D5A25611163A28C200D1E001 /* DDLog.h */,
				D5A25612163A28C200D1E001 /* DDLog.m */,
				D5A25613163A28C200D1E001 /* DDTTYLogger.h */,
				D5A25614163A28C200D1E001 /* DDTTYLogger.m */,
				D5A25615163A28C200D1E001 /* Extensions */,
			);
			path = CocoaLumberjack;
			sourceTree = "<group>";
		};
		2765C6BB161CCB5900E21ECB /* Resources */ = {
			isa = PBXGroup;
			children = (
				27C38C8E162B95DA006E831C /* License-CocoaLumberjack.txt */,
				27C38C8F162B95DA006E831C /* License.txt */,
				27C38C90162B95DA006E831C /* Version */,
			);
			name = Resources;
			sourceTree = "<group>";
		};
		D5A25615163A28C200D1E001 /* Extensions */ = {
			isa = PBXGroup;
			children = (
				D5A25616163A28C200D1E001 /* ContextFilterLogFormatter.h */,
				D5A25617163A28C200D1E001 /* ContextFilterLogFormatter.m */,
				D5A25618163A28C200D1E001 /* DispatchQueueLogFormatter.h */,
				D5A25619163A28C200D1E001 /* DispatchQueueLogFormatter.m */,
			);
			name = Extensions;
			path = Frameworks/CocoaLumberjack/Extensions;
			sourceTree = SOURCE_ROOT;
		};
		D5FE3658163AFBB50090BB94 /* iOS-Testing */ = {
			isa = PBXGroup;
			children = (
				D5FE3656163AFBA70090BB94 /* UIKit.framework */,
				D5FE3653163AFB9F0090BB94 /* CoreGraphics.framework */,
			);
			name = "iOS-Testing";
			sourceTree = "<group>";
		};
/* End PBXGroup section */

/* Begin PBXHeadersBuildPhase section */
		2765C6A8161CC56F00E21ECB /* Headers */ = {
			isa = PBXHeadersBuildPhase;
			buildActionMask = 2147483647;
			files = (
				D5A2561B163A28C200D1E001 /* DDAbstractDatabaseLogger.h in Headers */,
				D5A2561F163A28C200D1E001 /* DDASLLogger.h in Headers */,
				D5A25623163A28C200D1E001 /* DDFileLogger.h in Headers */,
				D5A25627163A28C200D1E001 /* DDLog.h in Headers */,
				D5A2562B163A28C200D1E001 /* DDTTYLogger.h in Headers */,
				D5A2562F163A28C200D1E001 /* ContextFilterLogFormatter.h in Headers */,
				D5A25633163A28C200D1E001 /* DispatchQueueLogFormatter.h in Headers */,
			);
			runOnlyForDeploymentPostprocessing = 0;
		};
		2765C6C9161CCD2B00E21ECB /* Headers */ = {
			isa = PBXHeadersBuildPhase;
			buildActionMask = 2147483647;
			files = (
				D5A2561C163A28C200D1E001 /* DDAbstractDatabaseLogger.h in Headers */,
				D5A25620163A28C200D1E001 /* DDASLLogger.h in Headers */,
				D5A25624163A28C200D1E001 /* DDFileLogger.h in Headers */,
				D5A25628163A28C200D1E001 /* DDLog.h in Headers */,
				D5A2562C163A28C200D1E001 /* DDTTYLogger.h in Headers */,
				D5A25630163A28C200D1E001 /* ContextFilterLogFormatter.h in Headers */,
				D5A25634163A28C200D1E001 /* DispatchQueueLogFormatter.h in Headers */,
			);
			runOnlyForDeploymentPostprocessing = 0;
		};
/* End PBXHeadersBuildPhase section */

/* Begin PBXNativeTarget section */
		271173A31634CCB20077D393 /* CocoaLumberjackIOSTests */ = {
			isa = PBXNativeTarget;
			buildConfigurationList = 271173B61634CCB20077D393 /* Build configuration list for PBXNativeTarget "CocoaLumberjackIOSTests" */;
			buildPhases = (
				2711739F1634CCB20077D393 /* Sources */,
				271173A01634CCB20077D393 /* Frameworks */,
				271173A11634CCB20077D393 /* Resources */,
				271173A21634CCB20077D393 /* ShellScript */,
			);
			buildRules = (
			);
			dependencies = (
				271173C81634CDDD0077D393 /* PBXTargetDependency */,
			);
			name = CocoaLumberjackIOSTests;
			productName = CocoaLumberjackIOSTests;
			productReference = 271173A41634CCB20077D393 /* CocoaLumberjackIOSTests.octest */;
			productType = "com.apple.product-type.bundle";
		};
		271173CE1634CE850077D393 /* CocoaLumberjackOSXTests */ = {
			isa = PBXNativeTarget;
			buildConfigurationList = 271173E21634CE850077D393 /* Build configuration list for PBXNativeTarget "CocoaLumberjackOSXTests" */;
			buildPhases = (
				271173CA1634CE850077D393 /* Sources */,
				271173CB1634CE850077D393 /* Frameworks */,
				271173CC1634CE850077D393 /* Resources */,
				271173CD1634CE850077D393 /* ShellScript */,
			);
			buildRules = (
			);
			dependencies = (
				271173ED1634CFB60077D393 /* PBXTargetDependency */,
			);
			name = CocoaLumberjackOSXTests;
			productName = CocoaLumberjackOSXTests;
			productReference = 271173CF1634CE850077D393 /* CocoaLumberjackOSXTests.octest */;
			productType = "com.apple.product-type.bundle";
		};
		2765C67B161CC34100E21ECB /* CocoaLumberjackStaticIOS */ = {
			isa = PBXNativeTarget;
			buildConfigurationList = 2765C68A161CC34100E21ECB /* Build configuration list for PBXNativeTarget "CocoaLumberjackStaticIOS" */;
			buildPhases = (
				2765C678161CC34100E21ECB /* Sources */,
				2765C679161CC34100E21ECB /* Frameworks */,
				2765C6A8161CC56F00E21ECB /* Headers */,
				2765C67A161CC34100E21ECB /* CopyFiles */,
				2765C6BA161CC96800E21ECB /* Prepare Framework */,
			);
			buildRules = (
			);
			dependencies = (
			);
			name = CocoaLumberjackStaticIOS;
			productName = CocoaLumberjack;
			productReference = 2765C67C161CC34100E21ECB /* libCocoaLumberjack.a */;
			productType = "com.apple.product-type.library.static";
		};
		2765C6CB161CCD2B00E21ECB /* CocoaLumberjackOSX */ = {
			isa = PBXNativeTarget;
			buildConfigurationList = 2765C6DD161CCD2B00E21ECB /* Build configuration list for PBXNativeTarget "CocoaLumberjackOSX" */;
			buildPhases = (
				2765C6C7161CCD2B00E21ECB /* Sources */,
				2765C6C8161CCD2B00E21ECB /* Frameworks */,
				2765C6C9161CCD2B00E21ECB /* Headers */,
				2765C6CA161CCD2B00E21ECB /* Resources */,
			);
			buildRules = (
			);
			dependencies = (
			);
			name = CocoaLumberjackOSX;
			productName = CocoaLumberjackOSX;
			productReference = 2765C6CC161CCD2B00E21ECB /* CocoaLumberjack.framework */;
			productType = "com.apple.product-type.framework";
		};
/* End PBXNativeTarget section */

/* Begin PBXProject section */
		2765C673161CC34100E21ECB /* Project object */ = {
			isa = PBXProject;
			attributes = {
				LastUpgradeCheck = 0440;
				ORGANIZATIONNAME = "ASE Group";
			};
			buildConfigurationList = 2765C676161CC34100E21ECB /* Build configuration list for PBXProject "CocoaLumberjack" */;
			compatibilityVersion = "Xcode 3.2";
			developmentRegion = English;
			hasScannedForEncodings = 0;
			knownRegions = (
				en,
			);
			mainGroup = 2765C671161CC34100E21ECB;
			productRefGroup = 2765C67D161CC34100E21ECB /* Products */;
			projectDirPath = "";
			projectRoot = "";
			targets = (
				2765C67B161CC34100E21ECB /* CocoaLumberjackStaticIOS */,
				2765C6C0161CCBC500E21ECB /* CocoaLumberjackIOS */,
				2765C6CB161CCD2B00E21ECB /* CocoaLumberjackOSX */,
				271173A31634CCB20077D393 /* CocoaLumberjackIOSTests */,
				271173CE1634CE850077D393 /* CocoaLumberjackOSXTests */,
			);
		};
/* End PBXProject section */

/* Begin PBXResourcesBuildPhase section */
		271173A11634CCB20077D393 /* Resources */ = {
			isa = PBXResourcesBuildPhase;
			buildActionMask = 2147483647;
			files = (
			);
			runOnlyForDeploymentPostprocessing = 0;
		};
		271173CC1634CE850077D393 /* Resources */ = {
			isa = PBXResourcesBuildPhase;
			buildActionMask = 2147483647;
			files = (
			);
			runOnlyForDeploymentPostprocessing = 0;
		};
		2765C6CA161CCD2B00E21ECB /* Resources */ = {
			isa = PBXResourcesBuildPhase;
			buildActionMask = 2147483647;
			files = (
				27C38C91162B95DA006E831C /* License-CocoaLumberjack.txt in Resources */,
				27C38C92162B95DA006E831C /* License.txt in Resources */,
				27C38C93162B95DA006E831C /* Version in Resources */,
			);
			runOnlyForDeploymentPostprocessing = 0;
		};
/* End PBXResourcesBuildPhase section */

/* Begin PBXShellScriptBuildPhase section */
		271173A21634CCB20077D393 /* ShellScript */ = {
			isa = PBXShellScriptBuildPhase;
			buildActionMask = 2147483647;
			files = (
			);
			inputPaths = (
			);
			outputPaths = (
			);
			runOnlyForDeploymentPostprocessing = 0;
			shellPath = /bin/sh;
			shellScript = "# Run the unit tests in this test bundle.\n\"${SYSTEM_DEVELOPER_DIR}/Tools/RunUnitTests\"\n";
		};
		271173CD1634CE850077D393 /* ShellScript */ = {
			isa = PBXShellScriptBuildPhase;
			buildActionMask = 2147483647;
			files = (
			);
			inputPaths = (
			);
			outputPaths = (
			);
			runOnlyForDeploymentPostprocessing = 0;
			shellPath = /bin/sh;
			shellScript = "# Run the unit tests in this test bundle.\n\"${SYSTEM_DEVELOPER_DIR}/Tools/RunUnitTests\"\n";
		};
		2765C6BA161CC96800E21ECB /* Prepare Framework */ = {
			isa = PBXShellScriptBuildPhase;
			buildActionMask = 2147483647;
			files = (
			);
			inputPaths = (
			);
			name = "Prepare Framework";
			outputPaths = (
			);
			runOnlyForDeploymentPostprocessing = 0;
			shellPath = /bin/sh;
			shellScript = "set -e\n\nmkdir -p \"${BUILT_PRODUCTS_DIR}/${PRODUCT_NAME}.framework/Versions/A/Headers\"\nmkdir -p \"${BUILT_PRODUCTS_DIR}/${PRODUCT_NAME}.framework/Versions/A/Resources\"\n\n# Link the \"Current\" version to A\n/bin/ln -sfh \"${FRAMEWORK_VERSION}\" \"${BUILT_PRODUCTS_DIR}/${PRODUCT_NAME}.framework/Versions/Current\"\n/bin/ln -sfh Versions/Current/Headers \"${BUILT_PRODUCTS_DIR}/${PRODUCT_NAME}.framework/Headers\"\n/bin/ln -sfh Versions/Current/Resources \"${BUILT_PRODUCTS_DIR}/${PRODUCT_NAME}.framework/Resources\"\n/bin/ln -sfh \"Versions/Current/${PRODUCT_NAME}\" \"${BUILT_PRODUCTS_DIR}/${PRODUCT_NAME}.framework/${PRODUCT_NAME}\"\n\n# The -a ensures that the headers maintain the source modification date so that we don't constantly\n# cause propagating rebuilds of files that import these headers.\n/bin/cp -a \"${TARGET_BUILD_DIR}/${PUBLIC_HEADERS_FOLDER_PATH}/\" \"${BUILT_PRODUCTS_DIR}/${PRODUCT_NAME}.framework/Versions/A/Headers\"\n\n/bin/cp -a \"${BUILT_PRODUCTS_DIR}/${PROJECT_NAME}Resources/\" \"${BUILT_PRODUCTS_DIR}/${PRODUCT_NAME}.framework/Versions/A/Resources\"\n";
		};
		2765C6C6161CCC2B00E21ECB /* Build Framework */ = {
			isa = PBXShellScriptBuildPhase;
			buildActionMask = 2147483647;
			files = (
			);
			inputPaths = (
			);
			name = "Build Framework";
			outputPaths = (
			);
			runOnlyForDeploymentPostprocessing = 0;
			shellPath = /bin/sh;
			shellScript = "set -e\nset +u\n# Avoid recursively calling this script.\nif [[ $SF_MASTER_SCRIPT_RUNNING ]]\nthen\nexit 0\nfi\nset -u\nexport SF_MASTER_SCRIPT_RUNNING=1\n\nSF_TARGET_NAME=${PROJECT_NAME}\nSF_EXECUTABLE_PATH=\"lib${SF_TARGET_NAME}.a\"\nSF_WRAPPER_NAME=\"${SF_TARGET_NAME}.framework\"\n\n# The following conditionals come from\n# https://github.com/kstenerud/iOS-Universal-Framework\n\nif [[ \"$SDK_NAME\" =~ ([A-Za-z]+) ]]\nthen\nSF_SDK_PLATFORM=${BASH_REMATCH[1]}\nelse\necho \"Could not find platform name from SDK_NAME: $SDK_NAME\"\nexit 1\nfi\n\nif [[ \"$SDK_NAME\" =~ ([0-9]+.*$) ]]\nthen\nSF_SDK_VERSION=${BASH_REMATCH[1]}\nelse\necho \"Could not find sdk version from SDK_NAME: $SDK_NAME\"\nexit 1\nfi\n\nif [[ \"$SF_SDK_PLATFORM\" = \"iphoneos\" ]]\nthen\nSF_OTHER_PLATFORM=iphonesimulator\nelse\nSF_OTHER_PLATFORM=iphoneos\nfi\n\nif [[ \"$BUILT_PRODUCTS_DIR\" =~ (.*)$SF_SDK_PLATFORM$ ]]\nthen\nSF_OTHER_BUILT_PRODUCTS_DIR=\"${BASH_REMATCH[1]}${SF_OTHER_PLATFORM}\"\nelse\necho \"Could not find platform name from build products directory: $BUILT_PRODUCTS_DIR\"\nexit 1\nfi\n\n# Build the other platform.\nxcodebuild -project \"${PROJECT_FILE_PATH}\" -target \"${TARGET_NAME}\" -configuration \"${CONFIGURATION}\" -sdk ${SF_OTHER_PLATFORM}${SF_SDK_VERSION} BUILD_DIR=\"${BUILD_DIR}\" OBJROOT=\"${OBJROOT}\" BUILD_ROOT=\"${BUILD_ROOT}\" SYMROOT=\"${SYMROOT}\" $ACTION\n\n# Smash the two static libraries into one fat binary and store it in the .framework\nlipo -create \"${BUILT_PRODUCTS_DIR}/${SF_EXECUTABLE_PATH}\" \"${SF_OTHER_BUILT_PRODUCTS_DIR}/${SF_EXECUTABLE_PATH}\" -output \"${BUILT_PRODUCTS_DIR}/${SF_WRAPPER_NAME}/Versions/${FRAMEWORK_VERSION}/${SF_TARGET_NAME}\"\n\n# Copy the binary to the other architecture folder to have a complete framework in both.\ncp -a \"${BUILT_PRODUCTS_DIR}/${SF_WRAPPER_NAME}/Versions/${FRAMEWORK_VERSION}/${SF_TARGET_NAME}\" \"${SF_OTHER_BUILT_PRODUCTS_DIR}/${SF_WRAPPER_NAME}/Versions/${FRAMEWORK_VERSION}/${SF_TARGET_NAME}\"\n";
		};
/* End PBXShellScriptBuildPhase section */

/* Begin PBXSourcesBuildPhase section */
		2711739F1634CCB20077D393 /* Sources */ = {
			isa = PBXSourcesBuildPhase;
			buildActionMask = 2147483647;
			files = (
				271173C01634CD5A0077D393 /* CocoaLumberjackTests.m in Sources */,
			);
			runOnlyForDeploymentPostprocessing = 0;
		};
		271173CA1634CE850077D393 /* Sources */ = {
			isa = PBXSourcesBuildPhase;
			buildActionMask = 2147483647;
			files = (
				271173E51634CE900077D393 /* CocoaLumberjackTests.m in Sources */,
			);
			runOnlyForDeploymentPostprocessing = 0;
		};
		2765C678161CC34100E21ECB /* Sources */ = {
			isa = PBXSourcesBuildPhase;
			buildActionMask = 2147483647;
			files = (
				D5A2561D163A28C200D1E001 /* DDAbstractDatabaseLogger.m in Sources */,
				D5A25621163A28C200D1E001 /* DDASLLogger.m in Sources */,
				D5A25625163A28C200D1E001 /* DDFileLogger.m in Sources */,
				D5A25629163A28C200D1E001 /* DDLog.m in Sources */,
				D5A2562D163A28C200D1E001 /* DDTTYLogger.m in Sources */,
				D5A25631163A28C200D1E001 /* ContextFilterLogFormatter.m in Sources */,
				D5A25635163A28C200D1E001 /* DispatchQueueLogFormatter.m in Sources */,
			);
			runOnlyForDeploymentPostprocessing = 0;
		};
		2765C6C7161CCD2B00E21ECB /* Sources */ = {
			isa = PBXSourcesBuildPhase;
			buildActionMask = 2147483647;
			files = (
				D5A2561E163A28C200D1E001 /* DDAbstractDatabaseLogger.m in Sources */,
				D5A25622163A28C200D1E001 /* DDASLLogger.m in Sources */,
				D5A25626163A28C200D1E001 /* DDFileLogger.m in Sources */,
				D5A2562A163A28C200D1E001 /* DDLog.m in Sources */,
				D5A2562E163A28C200D1E001 /* DDTTYLogger.m in Sources */,
				D5A25632163A28C200D1E001 /* ContextFilterLogFormatter.m in Sources */,
				D5A25636163A28C200D1E001 /* DispatchQueueLogFormatter.m in Sources */,
			);
			runOnlyForDeploymentPostprocessing = 0;
		};
/* End PBXSourcesBuildPhase section */

/* Begin PBXTargetDependency section */
		271173C81634CDDD0077D393 /* PBXTargetDependency */ = {
			isa = PBXTargetDependency;
			target = 2765C67B161CC34100E21ECB /* CocoaLumberjackStaticIOS */;
			targetProxy = 271173C71634CDDD0077D393 /* PBXContainerItemProxy */;
		};
		271173ED1634CFB60077D393 /* PBXTargetDependency */ = {
			isa = PBXTargetDependency;
			target = 2765C6CB161CCD2B00E21ECB /* CocoaLumberjackOSX */;
			targetProxy = 271173EC1634CFB60077D393 /* PBXContainerItemProxy */;
		};
		2765C6C5161CCC0200E21ECB /* PBXTargetDependency */ = {
			isa = PBXTargetDependency;
			target = 2765C67B161CC34100E21ECB /* CocoaLumberjackStaticIOS */;
			targetProxy = 2765C6C4161CCC0200E21ECB /* PBXContainerItemProxy */;
		};
/* End PBXTargetDependency section */

/* Begin XCBuildConfiguration section */
		271173B41634CCB20077D393 /* Debug */ = {
			isa = XCBuildConfiguration;
			buildSettings = {
				FRAMEWORK_SEARCH_PATHS = (
					"\"$(SDKROOT)/Developer/Library/Frameworks\"",
					"\"$(DEVELOPER_LIBRARY_DIR)/Frameworks\"",
				);
				OTHER_LDFLAGS = "-ObjC";
				PRODUCT_NAME = "$(TARGET_NAME)";
				WRAPPER_EXTENSION = octest;
			};
			name = Debug;
		};
		271173B51634CCB20077D393 /* Release */ = {
			isa = XCBuildConfiguration;
			buildSettings = {
				FRAMEWORK_SEARCH_PATHS = (
					"\"$(SDKROOT)/Developer/Library/Frameworks\"",
					"\"$(DEVELOPER_LIBRARY_DIR)/Frameworks\"",
				);
				OTHER_LDFLAGS = "-ObjC";
				PRODUCT_NAME = "$(TARGET_NAME)";
				WRAPPER_EXTENSION = octest;
			};
			name = Release;
		};
		271173E31634CE850077D393 /* Debug */ = {
			isa = XCBuildConfiguration;
			buildSettings = {
				ARCHS = "$(ARCHS_STANDARD_64_BIT)";
				COMBINE_HIDPI_IMAGES = YES;
				FRAMEWORK_SEARCH_PATHS = "\"$(DEVELOPER_LIBRARY_DIR)/Frameworks\"";
				PRODUCT_NAME = "$(TARGET_NAME)";
				SDKROOT = macosx;
				WRAPPER_EXTENSION = octest;
			};
			name = Debug;
		};
		271173E41634CE850077D393 /* Release */ = {
			isa = XCBuildConfiguration;
			buildSettings = {
				ARCHS = "$(ARCHS_STANDARD_64_BIT)";
				COMBINE_HIDPI_IMAGES = YES;
				FRAMEWORK_SEARCH_PATHS = "\"$(DEVELOPER_LIBRARY_DIR)/Frameworks\"";
				PRODUCT_NAME = "$(TARGET_NAME)";
				SDKROOT = macosx;
				WRAPPER_EXTENSION = octest;
			};
			name = Release;
		};
		2765C688161CC34100E21ECB /* Debug */ = {
			isa = XCBuildConfiguration;
			buildSettings = {
				ALWAYS_SEARCH_USER_PATHS = NO;
				CLANG_ENABLE_OBJC_ARC = YES;
				CLANG_WARN__DUPLICATE_METHOD_MATCH = YES;
				COPY_PHASE_STRIP = NO;
				DEAD_CODE_STRIPPING = NO;
				GCC_DYNAMIC_NO_PIC = NO;
				GCC_OPTIMIZATION_LEVEL = 0;
				GCC_PREPROCESSOR_DEFINITIONS = (
					"DEBUG=1",
					"$(inherited)",
				);
				GCC_SYMBOLS_PRIVATE_EXTERN = NO;
				GCC_VERSION = com.apple.compilers.llvm.clang.1_0;
				GCC_WARN_64_TO_32_BIT_CONVERSION = YES;
				GCC_WARN_ABOUT_RETURN_TYPE = YES;
				GCC_WARN_UNINITIALIZED_AUTOS = YES;
				GCC_WARN_UNUSED_VARIABLE = YES;
				INFOPLIST_FILE = "$(PROJECT_NAME)-Info.plist";
				IPHONEOS_DEPLOYMENT_TARGET = 6.0;
				MACOSX_DEPLOYMENT_TARGET = 10.8;
				ONLY_ACTIVE_ARCH = YES;
				PRODUCT_NAME = "$(PROJECT_NAME)";
				SDKROOT = iphoneos;
				SKIP_INSTALL = YES;
				STRIP_STYLE = "non-global";
			};
			name = Debug;
		};
		2765C689161CC34100E21ECB /* Release */ = {
			isa = XCBuildConfiguration;
			buildSettings = {
				ALWAYS_SEARCH_USER_PATHS = NO;
				CLANG_ENABLE_OBJC_ARC = YES;
				CLANG_WARN__DUPLICATE_METHOD_MATCH = YES;
				COPY_PHASE_STRIP = NO;
				DEAD_CODE_STRIPPING = NO;
				GCC_VERSION = com.apple.compilers.llvm.clang.1_0;
				GCC_WARN_64_TO_32_BIT_CONVERSION = YES;
				GCC_WARN_ABOUT_RETURN_TYPE = YES;
				GCC_WARN_UNINITIALIZED_AUTOS = YES;
				GCC_WARN_UNUSED_VARIABLE = YES;
				INFOPLIST_FILE = "$(PROJECT_NAME)-Info.plist";
				IPHONEOS_DEPLOYMENT_TARGET = 6.0;
				MACOSX_DEPLOYMENT_TARGET = 10.8;
				PRODUCT_NAME = "$(PROJECT_NAME)";
				SDKROOT = iphoneos;
				SKIP_INSTALL = YES;
				STRIP_STYLE = "non-global";
				VALIDATE_PRODUCT = YES;
			};
			name = Release;
		};
		2765C68B161CC34100E21ECB /* Debug */ = {
			isa = XCBuildConfiguration;
			buildSettings = {
				OTHER_LDFLAGS = "-ObjC";
				PRIVATE_HEADERS_FOLDER_PATH = "$(PRODUCT_NAME)PrivateHeaders";
				PUBLIC_HEADERS_FOLDER_PATH = "$(PRODUCT_NAME)Headers";
			};
			name = Debug;
		};
		2765C68C161CC34100E21ECB /* Release */ = {
			isa = XCBuildConfiguration;
			buildSettings = {
				OTHER_LDFLAGS = "-ObjC";
				PRIVATE_HEADERS_FOLDER_PATH = "$(PRODUCT_NAME)PrivateHeaders";
				PUBLIC_HEADERS_FOLDER_PATH = "$(PRODUCT_NAME)Headers";
			};
			name = Release;
		};
		2765C6C2161CCBC600E21ECB /* Debug */ = {
			isa = XCBuildConfiguration;
			buildSettings = {
			};
			name = Debug;
		};
		2765C6C3161CCBC600E21ECB /* Release */ = {
			isa = XCBuildConfiguration;
			buildSettings = {
			};
			name = Release;
		};
		2765C6DE161CCD2B00E21ECB /* Debug */ = {
			isa = XCBuildConfiguration;
			buildSettings = {
				ARCHS = "$(ARCHS_STANDARD_64_BIT)";
				COMBINE_HIDPI_IMAGES = YES;
				INSTALL_PATH = "@executable_path/../Frameworks";
				SDKROOT = macosx;
				WRAPPER_EXTENSION = framework;
			};
			name = Debug;
		};
		2765C6DF161CCD2B00E21ECB /* Release */ = {
			isa = XCBuildConfiguration;
			buildSettings = {
				ARCHS = "$(ARCHS_STANDARD_64_BIT)";
				COMBINE_HIDPI_IMAGES = YES;
				DEBUG_INFORMATION_FORMAT = "dwarf-with-dsym";
				INSTALL_PATH = "@executable_path/../Frameworks";
				SDKROOT = macosx;
				WRAPPER_EXTENSION = framework;
			};
			name = Release;
		};
/* End XCBuildConfiguration section */

/* Begin XCConfigurationList section */
		271173B61634CCB20077D393 /* Build configuration list for PBXNativeTarget "CocoaLumberjackIOSTests" */ = {
			isa = XCConfigurationList;
			buildConfigurations = (
				271173B41634CCB20077D393 /* Debug */,
				271173B51634CCB20077D393 /* Release */,
			);
			defaultConfigurationIsVisible = 0;
			defaultConfigurationName = Release;
		};
		271173E21634CE850077D393 /* Build configuration list for PBXNativeTarget "CocoaLumberjackOSXTests" */ = {
			isa = XCConfigurationList;
			buildConfigurations = (
				271173E31634CE850077D393 /* Debug */,
				271173E41634CE850077D393 /* Release */,
			);
			defaultConfigurationIsVisible = 0;
			defaultConfigurationName = Release;
		};
		2765C676161CC34100E21ECB /* Build configuration list for PBXProject "CocoaLumberjack" */ = {
			isa = XCConfigurationList;
			buildConfigurations = (
				2765C688161CC34100E21ECB /* Debug */,
				2765C689161CC34100E21ECB /* Release */,
			);
			defaultConfigurationIsVisible = 0;
			defaultConfigurationName = Release;
		};
		2765C68A161CC34100E21ECB /* Build configuration list for PBXNativeTarget "CocoaLumberjackStaticIOS" */ = {
			isa = XCConfigurationList;
			buildConfigurations = (
				2765C68B161CC34100E21ECB /* Debug */,
				2765C68C161CC34100E21ECB /* Release */,
			);
			defaultConfigurationIsVisible = 0;
			defaultConfigurationName = Release;
		};
		2765C6C1161CCBC600E21ECB /* Build configuration list for PBXAggregateTarget "CocoaLumberjackIOS" */ = {
			isa = XCConfigurationList;
			buildConfigurations = (
				2765C6C2161CCBC600E21ECB /* Debug */,
				2765C6C3161CCBC600E21ECB /* Release */,
			);
			defaultConfigurationIsVisible = 0;
			defaultConfigurationName = Release;
		};
		2765C6DD161CCD2B00E21ECB /* Build configuration list for PBXNativeTarget "CocoaLumberjackOSX" */ = {
			isa = XCConfigurationList;
			buildConfigurations = (
				2765C6DE161CCD2B00E21ECB /* Debug */,
				2765C6DF161CCD2B00E21ECB /* Release */,
			);
			defaultConfigurationIsVisible = 0;
			defaultConfigurationName = Release;
		};
/* End XCConfigurationList section */
	};
	rootObject = 2765C673161CC34100E21ECB /* Project object */;
}
